PODS:
  - SDWebImage (5.15.7):
    - SDWebImage/Core (= 5.15.7)
  - SDWebImage/Core (5.15.7)
  - SnapKit (5.6.0)

DEPENDENCIES:
  - SDWebImage
  - SnapKit

SPEC REPOS:
  trunk:
    - SDWebImage
    - SnapKit

SPEC CHECKSUMS:
  SDWebImage: 25bac438318faf37e35650619ebc288a9061d292
  SnapKit: e01d52ebb8ddbc333eefe2132acf85c8227d9c25

PODFILE CHECKSUM: 859ef5485794b4f155dc70c0008b705236492891

COCOAPODS: 1.11.3
