// !$*UTF8*$!
{
	archiveVersion = 1;
	classes = {
	};
	objectVersion = 56;
	objects = {

/* Begin PBXBuildFile section */
		31595D4DACE02B93EF341512 /* Pods_HW5_1.framework in Frameworks */ = {isa = PBXBuildFile; fileRef = 008540D2F1A14CBD79968926 /* Pods_HW5_1.framework */; };
		78D0DCC62A0BB86600E53DF8 /* AppDelegate.swift in Sources */ = {isa = PBXBuildFile; fileRef = 78D0DCC52A0BB86600E53DF8 /* AppDelegate.swift */; };
		78D0DCC82A0BB86600E53DF8 /* SceneDelegate.swift in Sources */ = {isa = PBXBuildFile; fileRef = 78D0DCC72A0BB86600E53DF8 /* SceneDelegate.swift */; };
		78D0DCCA2A0BB86600E53DF8 /* ViewController.swift in Sources */ = {isa = PBXBuildFile; fileRef = 78D0DCC92A0BB86600E53DF8 /* ViewController.swift */; };
		78D0DCCF2A0BB86800E53DF8 /* Assets.xcassets in Resources */ = {isa = PBXBuildFile; fileRef = 78D0DCCE2A0BB86800E53DF8 /* Assets.xcassets */; };
		78D0DCD22A0BB86800E53DF8 /* LaunchScreen.storyboard in Resources */ = {isa = PBXBuildFile; fileRef = 78D0DCD02A0BB86800E53DF8 /* LaunchScreen.storyboard */; };
		78D0DCDD2A0BBFBE00E53DF8 /* OrderModel.swift in Sources */ = {isa = PBXBuildFile; fileRef = 78D0DCDC2A0BBFBE00E53DF8 /* OrderModel.swift */; };
		78D0DCDF2A0BBFE000E53DF8 /* StatusModel.swift in Sources */ = {isa = PBXBuildFile; fileRef = 78D0DCDE2A0BBFE000E53DF8 /* StatusModel.swift */; };
		78D0DCE12A0BC02A00E53DF8 /* ProductModel.swift in Sources */ = {isa = PBXBuildFile; fileRef = 78D0DCE02A0BC02A00E53DF8 /* ProductModel.swift */; };
		78D0DCE42A0BC06300E53DF8 /* NetworkService.swift in Sources */ = {isa = PBXBuildFile; fileRef = 78D0DCE32A0BC06300E53DF8 /* NetworkService.swift */; };
		78D0DCEB2A0BC15400E53DF8 /* OrderCollectionViewCell.swift in Sources */ = {isa = PBXBuildFile; fileRef = 78D0DCEA2A0BC15400E53DF8 /* OrderCollectionViewCell.swift */; };
		78D0DCED2A0BC16100E53DF8 /* StatusCollectionViewCell.swift in Sources */ = {isa = PBXBuildFile; fileRef = 78D0DCEC2A0BC16100E53DF8 /* StatusCollectionViewCell.swift */; };
		78D0DCEF2A0BC17C00E53DF8 /* ProductTableViewCell.swift in Sources */ = {isa = PBXBuildFile; fileRef = 78D0DCEE2A0BC17C00E53DF8 /* ProductTableViewCell.swift */; };
		78D0DCF42A0BC31100E53DF8 /* Constants.swift in Sources */ = {isa = PBXBuildFile; fileRef = 78D0DCF32A0BC31100E53DF8 /* Constants.swift */; };
/* End PBXBuildFile section */

/* Begin PBXFileReference section */
		008540D2F1A14CBD79968926 /* Pods_HW5_1.framework */ = {isa = PBXFileReference; explicitFileType = wrapper.framework; includeInIndex = 0; path = Pods_HW5_1.framework; sourceTree = BUILT_PRODUCTS_DIR; };
		78D0DCC22A0BB86600E53DF8 /* HW5-1.app */ = {isa = PBXFileReference; explicitFileType = wrapper.application; includeInIndex = 0; path = "HW5-1.app"; sourceTree = BUILT_PRODUCTS_DIR; };
		78D0DCC52A0BB86600E53DF8 /* AppDelegate.swift */ = {isa = PBXFileReference; lastKnownFileType = sourcecode.swift; path = AppDelegate.swift; sourceTree = "<group>"; };
		78D0DCC72A0BB86600E53DF8 /* SceneDelegate.swift */ = {isa = PBXFileReference; lastKnownFileType = sourcecode.swift; path = SceneDelegate.swift; sourceTree = "<group>"; };
		78D0DCC92A0BB86600E53DF8 /* ViewController.swift */ = {isa = PBXFileReference; lastKnownFileType = sourcecode.swift; path = ViewController.swift; sourceTree = "<group>"; };
		78D0DCCE2A0BB86800E53DF8 /* Assets.xcassets */ = {isa = PBXFileReference; lastKnownFileType = folder.assetcatalog; path = Assets.xcassets; sourceTree = "<group>"; };
		78D0DCD12A0BB86800E53DF8 /* Base */ = {isa = PBXFileReference; lastKnownFileType = file.storyboard; name = Base; path = Base.lproj/LaunchScreen.storyboard; sourceTree = "<group>"; };
		78D0DCD32A0BB86800E53DF8 /* Info.plist */ = {isa = PBXFileReference; lastKnownFileType = text.plist.xml; path = Info.plist; sourceTree = "<group>"; };
		78D0DCDC2A0BBFBE00E53DF8 /* OrderModel.swift */ = {isa = PBXFileReference; lastKnownFileType = sourcecode.swift; path = OrderModel.swift; sourceTree = "<group>"; };
		78D0DCDE2A0BBFE000E53DF8 /* StatusModel.swift */ = {isa = PBXFileReference; lastKnownFileType = sourcecode.swift; path = StatusModel.swift; sourceTree = "<group>"; };
		78D0DCE02A0BC02A00E53DF8 /* ProductModel.swift */ = {isa = PBXFileReference; lastKnownFileType = sourcecode.swift; path = ProductModel.swift; sourceTree = "<group>"; };
		78D0DCE32A0BC06300E53DF8 /* NetworkService.swift */ = {isa = PBXFileReference; lastKnownFileType = sourcecode.swift; path = NetworkService.swift; sourceTree = "<group>"; };
		78D0DCEA2A0BC15400E53DF8 /* OrderCollectionViewCell.swift */ = {isa = PBXFileReference; lastKnownFileType = sourcecode.swift; path = OrderCollectionViewCell.swift; sourceTree = "<group>"; };
		78D0DCEC2A0BC16100E53DF8 /* StatusCollectionViewCell.swift */ = {isa = PBXFileReference; lastKnownFileType = sourcecode.swift; path = StatusCollectionViewCell.swift; sourceTree = "<group>"; };
		78D0DCEE2A0BC17C00E53DF8 /* ProductTableViewCell.swift */ = {isa = PBXFileReference; lastKnownFileType = sourcecode.swift; path = ProductTableViewCell.swift; sourceTree = "<group>"; };
		78D0DCF32A0BC31100E53DF8 /* Constants.swift */ = {isa = PBXFileReference; lastKnownFileType = sourcecode.swift; path = Constants.swift; sourceTree = "<group>"; };
		A3E4BF68D2FB8BD2CD9708C6 /* Pods-HW5-1.debug.xcconfig */ = {isa = PBXFileReference; includeInIndex = 1; lastKnownFileType = text.xcconfig; name = "Pods-HW5-1.debug.xcconfig"; path = "Target Support Files/Pods-HW5-1/Pods-HW5-1.debug.xcconfig"; sourceTree = "<group>"; };
		FB0DD8F6D6AE0589594861FE /* Pods-HW5-1.release.xcconfig */ = {isa = PBXFileReference; includeInIndex = 1; lastKnownFileType = text.xcconfig; name = "Pods-HW5-1.release.xcconfig"; path = "Target Support Files/Pods-HW5-1/Pods-HW5-1.release.xcconfig"; sourceTree = "<group>"; };
/* End PBXFileReference section */

/* Begin PBXFrameworksBuildPhase section */
		78D0DCBF2A0BB86600E53DF8 /* Frameworks */ = {
			isa = PBXFrameworksBuildPhase;
			buildActionMask = 2147483647;
			files = (
				31595D4DACE02B93EF341512 /* Pods_HW5_1.framework in Frameworks */,
			);
			runOnlyForDeploymentPostprocessing = 0;
		};
/* End PBXFrameworksBuildPhase section */

/* Begin PBXGroup section */
		78D0DCB92A0BB86600E53DF8 = {
			isa = PBXGroup;
			children = (
				78D0DCC42A0BB86600E53DF8 /* HW5-1 */,
				78D0DCC32A0BB86600E53DF8 /* Products */,
				810AEB687FA84C797599DE21 /* Pods */,
				DA06DC2E80849325790FD644 /* Frameworks */,
			);
			sourceTree = "<group>";
		};
		78D0DCC32A0BB86600E53DF8 /* Products */ = {
			isa = PBXGroup;
			children = (
				78D0DCC22A0BB86600E53DF8 /* HW5-1.app */,
			);
			name = Products;
			sourceTree = "<group>";
		};
		78D0DCC42A0BB86600E53DF8 /* HW5-1 */ = {
			isa = PBXGroup;
			children = (
				78D0DCD92A0BB88400E53DF8 /* App */,
				78D0DCDB2A0BBF7800E53DF8 /* Model */,
				78D0DCE52A0BC0B400E53DF8 /* View */,
				78D0DCF02A0BC29000E53DF8 /* Controller */,
				78D0DCDA2A0BB89400E53DF8 /* Resources */,
			);
			path = "HW5-1";
			sourceTree = "<group>";
		};
		78D0DCD92A0BB88400E53DF8 /* App */ = {
			isa = PBXGroup;
			children = (
				78D0DCC52A0BB86600E53DF8 /* AppDelegate.swift */,
				78D0DCC72A0BB86600E53DF8 /* SceneDelegate.swift */,
			);
			path = App;
			sourceTree = "<group>";
		};
		78D0DCDA2A0BB89400E53DF8 /* Resources */ = {
			isa = PBXGroup;
			children = (
				78D0DCCE2A0BB86800E53DF8 /* Assets.xcassets */,
				78D0DCD02A0BB86800E53DF8 /* LaunchScreen.storyboard */,
				78D0DCD32A0BB86800E53DF8 /* Info.plist */,
			);
			path = Resources;
			sourceTree = "<group>";
		};
		78D0DCDB2A0BBF7800E53DF8 /* Model */ = {
			isa = PBXGroup;
			children = (
				78D0DCF22A0BC2F900E53DF8 /* Models */,
				78D0DCF12A0BC2F100E53DF8 /* Constants */,
				78D0DCE22A0BC04200E53DF8 /* NetworkService */,
			);
			path = Model;
			sourceTree = "<group>";
		};
		78D0DCE22A0BC04200E53DF8 /* NetworkService */ = {
			isa = PBXGroup;
			children = (
				78D0DCE32A0BC06300E53DF8 /* NetworkService.swift */,
			);
			path = NetworkService;
			sourceTree = "<group>";
		};
		78D0DCE52A0BC0B400E53DF8 /* View */ = {
			isa = PBXGroup;
			children = (
				78D0DCE62A0BC0C600E53DF8 /* CustomCell */,
			);
			path = View;
			sourceTree = "<group>";
		};
		78D0DCE62A0BC0C600E53DF8 /* CustomCell */ = {
			isa = PBXGroup;
			children = (
				78D0DCE72A0BC0DA00E53DF8 /* Order */,
				78D0DCE82A0BC0F000E53DF8 /* Status */,
				78D0DCE92A0BC0FF00E53DF8 /* Product */,
			);
			path = CustomCell;
			sourceTree = "<group>";
		};
		78D0DCE72A0BC0DA00E53DF8 /* Order */ = {
			isa = PBXGroup;
			children = (
				78D0DCEA2A0BC15400E53DF8 /* OrderCollectionViewCell.swift */,
			);
			path = Order;
			sourceTree = "<group>";
		};
		78D0DCE82A0BC0F000E53DF8 /* Status */ = {
			isa = PBXGroup;
			children = (
				78D0DCEC2A0BC16100E53DF8 /* StatusCollectionViewCell.swift */,
			);
			path = Status;
			sourceTree = "<group>";
		};
		78D0DCE92A0BC0FF00E53DF8 /* Product */ = {
			isa = PBXGroup;
			children = (
				78D0DCEE2A0BC17C00E53DF8 /* ProductTableViewCell.swift */,
			);
			path = Product;
			sourceTree = "<group>";
		};
		78D0DCF02A0BC29000E53DF8 /* Controller */ = {
			isa = PBXGroup;
			children = (
				78D0DCC92A0BB86600E53DF8 /* ViewController.swift */,
			);
			path = Controller;
			sourceTree = "<group>";
		};
		78D0DCF12A0BC2F100E53DF8 /* Constants */ = {
			isa = PBXGroup;
			children = (
				78D0DCF32A0BC31100E53DF8 /* Constants.swift */,
			);
			path = Constants;
			sourceTree = "<group>";
		};
		78D0DCF22A0BC2F900E53DF8 /* Models */ = {
			isa = PBXGroup;
			children = (
				78D0DCDC2A0BBFBE00E53DF8 /* OrderModel.swift */,
				78D0DCDE2A0BBFE000E53DF8 /* StatusModel.swift */,
				78D0DCE02A0BC02A00E53DF8 /* ProductModel.swift */,
			);
			path = Models;
			sourceTree = "<group>";
		};
		810AEB687FA84C797599DE21 /* Pods */ = {
			isa = PBXGroup;
			children = (
				A3E4BF68D2FB8BD2CD9708C6 /* Pods-HW5-1.debug.xcconfig */,
				FB0DD8F6D6AE0589594861FE /* Pods-HW5-1.release.xcconfig */,
			);
			path = Pods;
			sourceTree = "<group>";
		};
		DA06DC2E80849325790FD644 /* Frameworks */ = {
			isa = PBXGroup;
			children = (
				008540D2F1A14CBD79968926 /* Pods_HW5_1.framework */,
			);
			name = Frameworks;
			sourceTree = "<group>";
		};
/* End PBXGroup section */

/* Begin PBXNativeTarget section */
		78D0DCC12A0BB86600E53DF8 /* HW5-1 */ = {
			isa = PBXNativeTarget;
			buildConfigurationList = 78D0DCD62A0BB86800E53DF8 /* Build configuration list for PBXNativeTarget "HW5-1" */;
			buildPhases = (
				49830DCD4A1C16DAAB697C08 /* [CP] Check Pods Manifest.lock */,
				78D0DCBE2A0BB86600E53DF8 /* Sources */,
				78D0DCBF2A0BB86600E53DF8 /* Frameworks */,
				78D0DCC02A0BB86600E53DF8 /* Resources */,
				ED46F0A8E1DC26C7A7AFAB03 /* [CP] Embed Pods Frameworks */,
			);
			buildRules = (
			);
			dependencies = (
			);
			name = "HW5-1";
			productName = "HW5-1";
			productReference = 78D0DCC22A0BB86600E53DF8 /* HW5-1.app */;
			productType = "com.apple.product-type.application";
		};
/* End PBXNativeTarget section */

/* Begin PBXProject section */
		78D0DCBA2A0BB86600E53DF8 /* Project object */ = {
			isa = PBXProject;
			attributes = {
				BuildIndependentTargetsInParallel = 1;
				LastSwiftUpdateCheck = 1430;
				LastUpgradeCheck = 1430;
				TargetAttributes = {
					78D0DCC12A0BB86600E53DF8 = {
						CreatedOnToolsVersion = 14.3;
					};
				};
			};
			buildConfigurationList = 78D0DCBD2A0BB86600E53DF8 /* Build configuration list for PBXProject "HW5-1" */;
			compatibilityVersion = "Xcode 14.0";
			developmentRegion = en;
			hasScannedForEncodings = 0;
			knownRegions = (
				en,
				Base,
			);
			mainGroup = 78D0DCB92A0BB86600E53DF8;
			productRefGroup = 78D0DCC32A0BB86600E53DF8 /* Products */;
			projectDirPath = "";
			projectRoot = "";
			targets = (
				78D0DCC12A0BB86600E53DF8 /* HW5-1 */,
			);
		};
/* End PBXProject section */

/* Begin PBXResourcesBuildPhase section */
		78D0DCC02A0BB86600E53DF8 /* Resources */ = {
			isa = PBXResourcesBuildPhase;
			buildActionMask = 2147483647;
			files = (
				78D0DCD22A0BB86800E53DF8 /* LaunchScreen.storyboard in Resources */,
				78D0DCCF2A0BB86800E53DF8 /* Assets.xcassets in Resources */,
			);
			runOnlyForDeploymentPostprocessing = 0;
		};
/* End PBXResourcesBuildPhase section */

/* Begin PBXShellScriptBuildPhase section */
		49830DCD4A1C16DAAB697C08 /* [CP] Check Pods Manifest.lock */ = {
			isa = PBXShellScriptBuildPhase;
			buildActionMask = 2147483647;
			files = (
			);
			inputFileListPaths = (
			);
			inputPaths = (
				"${PODS_PODFILE_DIR_PATH}/Podfile.lock",
				"${PODS_ROOT}/Manifest.lock",
			);
			name = "[CP] Check Pods Manifest.lock";
			outputFileListPaths = (
			);
			outputPaths = (
				"$(DERIVED_FILE_DIR)/Pods-HW5-1-checkManifestLockResult.txt",
			);
			runOnlyForDeploymentPostprocessing = 0;
			shellPath = /bin/sh;
			shellScript = "diff \"${PODS_PODFILE_DIR_PATH}/Podfile.lock\" \"${PODS_ROOT}/Manifest.lock\" > /dev/null\nif [ $? != 0 ] ; then\n    # print error to STDERR\n    echo \"error: The sandbox is not in sync with the Podfile.lock. Run 'pod install' or update your CocoaPods installation.\" >&2\n    exit 1\nfi\n# This output is used by Xcode 'outputs' to avoid re-running this script phase.\necho \"SUCCESS\" > \"${SCRIPT_OUTPUT_FILE_0}\"\n";
			showEnvVarsInLog = 0;
		};
		ED46F0A8E1DC26C7A7AFAB03 /* [CP] Embed Pods Frameworks */ = {
			isa = PBXShellScriptBuildPhase;
			buildActionMask = 2147483647;
			files = (
			);
			inputFileListPaths = (
				"${PODS_ROOT}/Target Support Files/Pods-HW5-1/Pods-HW5-1-frameworks-${CONFIGURATION}-input-files.xcfilelist",
			);
			name = "[CP] Embed Pods Frameworks";
			outputFileListPaths = (
				"${PODS_ROOT}/Target Support Files/Pods-HW5-1/Pods-HW5-1-frameworks-${CONFIGURATION}-output-files.xcfilelist",
			);
			runOnlyForDeploymentPostprocessing = 0;
			shellPath = /bin/sh;
			shellScript = "\"${PODS_ROOT}/Target Support Files/Pods-HW5-1/Pods-HW5-1-frameworks.sh\"\n";
			showEnvVarsInLog = 0;
		};
/* End PBXShellScriptBuildPhase section */

/* Begin PBXSourcesBuildPhase section */
		78D0DCBE2A0BB86600E53DF8 /* Sources */ = {
			isa = PBXSourcesBuildPhase;
			buildActionMask = 2147483647;
			files = (
				78D0DCDF2A0BBFE000E53DF8 /* StatusModel.swift in Sources */,
				78D0DCF42A0BC31100E53DF8 /* Constants.swift in Sources */,
				78D0DCE12A0BC02A00E53DF8 /* ProductModel.swift in Sources */,
				78D0DCDD2A0BBFBE00E53DF8 /* OrderModel.swift in Sources */,
				78D0DCEB2A0BC15400E53DF8 /* OrderCollectionViewCell.swift in Sources */,
				78D0DCED2A0BC16100E53DF8 /* StatusCollectionViewCell.swift in Sources */,
				78D0DCCA2A0BB86600E53DF8 /* ViewController.swift in Sources */,
				78D0DCC62A0BB86600E53DF8 /* AppDelegate.swift in Sources */,
				78D0DCEF2A0BC17C00E53DF8 /* ProductTableViewCell.swift in Sources */,
				78D0DCC82A0BB86600E53DF8 /* SceneDelegate.swift in Sources */,
				78D0DCE42A0BC06300E53DF8 /* NetworkService.swift in Sources */,
			);
			runOnlyForDeploymentPostprocessing = 0;
		};
/* End PBXSourcesBuildPhase section */

/* Begin PBXVariantGroup section */
		78D0DCD02A0BB86800E53DF8 /* LaunchScreen.storyboard */ = {
			isa = PBXVariantGroup;
			children = (
				78D0DCD12A0BB86800E53DF8 /* Base */,
			);
			name = LaunchScreen.storyboard;
			sourceTree = "<group>";
		};
/* End PBXVariantGroup section */

/* Begin XCBuildConfiguration section */
		78D0DCD42A0BB86800E53DF8 /* Debug */ = {
			isa = XCBuildConfiguration;
			buildSettings = {
				ALWAYS_SEARCH_USER_PATHS = NO;
				CLANG_ANALYZER_NONNULL = YES;
				CLANG_ANALYZER_NUMBER_OBJECT_CONVERSION = YES_AGGRESSIVE;
				CLANG_CXX_LANGUAGE_STANDARD = "gnu++20";
				CLANG_ENABLE_MODULES = YES;
				CLANG_ENABLE_OBJC_ARC = YES;
				CLANG_ENABLE_OBJC_WEAK = YES;
				CLANG_WARN_BLOCK_CAPTURE_AUTORELEASING = YES;
				CLANG_WARN_BOOL_CONVERSION = YES;
				CLANG_WARN_COMMA = YES;
				CLANG_WARN_CONSTANT_CONVERSION = YES;
				CLANG_WARN_DEPRECATED_OBJC_IMPLEMENTATIONS = YES;
				CLANG_WARN_DIRECT_OBJC_ISA_USAGE = YES_ERROR;
				CLANG_WARN_DOCUMENTATION_COMMENTS = YES;
				CLANG_WARN_EMPTY_BODY = YES;
				CLANG_WARN_ENUM_CONVERSION = YES;
				CLANG_WARN_INFINITE_RECURSION = YES;
				CLANG_WARN_INT_CONVERSION = YES;
				CLANG_WARN_NON_LITERAL_NULL_CONVERSION = YES;
				CLANG_WARN_OBJC_IMPLICIT_RETAIN_SELF = YES;
				CLANG_WARN_OBJC_LITERAL_CONVERSION = YES;
				CLANG_WARN_OBJC_ROOT_CLASS = YES_ERROR;
				CLANG_WARN_QUOTED_INCLUDE_IN_FRAMEWORK_HEADER = YES;
				CLANG_WARN_RANGE_LOOP_ANALYSIS = YES;
				CLANG_WARN_STRICT_PROTOTYPES = YES;
				CLANG_WARN_SUSPICIOUS_MOVE = YES;
				CLANG_WARN_UNGUARDED_AVAILABILITY = YES_AGGRESSIVE;
				CLANG_WARN_UNREACHABLE_CODE = YES;
				CLANG_WARN__DUPLICATE_METHOD_MATCH = YES;
				COPY_PHASE_STRIP = NO;
				DEBUG_INFORMATION_FORMAT = dwarf;
				ENABLE_STRICT_OBJC_MSGSEND = YES;
				ENABLE_TESTABILITY = YES;
				GCC_C_LANGUAGE_STANDARD = gnu11;
				GCC_DYNAMIC_NO_PIC = NO;
				GCC_NO_COMMON_BLOCKS = YES;
				GCC_OPTIMIZATION_LEVEL = 0;
				GCC_PREPROCESSOR_DEFINITIONS = (
					"DEBUG=1",
					"$(inherited)",
				);
				GCC_WARN_64_TO_32_BIT_CONVERSION = YES;
				GCC_WARN_ABOUT_RETURN_TYPE = YES_ERROR;
				GCC_WARN_UNDECLARED_SELECTOR = YES;
				GCC_WARN_UNINITIALIZED_AUTOS = YES_AGGRESSIVE;
				GCC_WARN_UNUSED_FUNCTION = YES;
				GCC_WARN_UNUSED_VARIABLE = YES;
				IPHONEOS_DEPLOYMENT_TARGET = 16.4;
				MTL_ENABLE_DEBUG_INFO = INCLUDE_SOURCE;
				MTL_FAST_MATH = YES;
				ONLY_ACTIVE_ARCH = YES;
				SDKROOT = iphoneos;
				SWIFT_ACTIVE_COMPILATION_CONDITIONS = DEBUG;
				SWIFT_OPTIMIZATION_LEVEL = "-Onone";
			};
			name = Debug;
		};
		78D0DCD52A0BB86800E53DF8 /* Release */ = {
			isa = XCBuildConfiguration;
			buildSettings = {
				ALWAYS_SEARCH_USER_PATHS = NO;
				CLANG_ANALYZER_NONNULL = YES;
				CLANG_ANALYZER_NUMBER_OBJECT_CONVERSION = YES_AGGRESSIVE;
				CLANG_CXX_LANGUAGE_STANDARD = "gnu++20";
				CLANG_ENABLE_MODULES = YES;
				CLANG_ENABLE_OBJC_ARC = YES;
				CLANG_ENABLE_OBJC_WEAK = YES;
				CLANG_WARN_BLOCK_CAPTURE_AUTORELEASING = YES;
				CLANG_WARN_BOOL_CONVERSION = YES;
				CLANG_WARN_COMMA = YES;
				CLANG_WARN_CONSTANT_CONVERSION = YES;
				CLANG_WARN_DEPRECATED_OBJC_IMPLEMENTATIONS = YES;
				CLANG_WARN_DIRECT_OBJC_ISA_USAGE = YES_ERROR;
				CLANG_WARN_DOCUMENTATION_COMMENTS = YES;
				CLANG_WARN_EMPTY_BODY = YES;
				CLANG_WARN_ENUM_CONVERSION = YES;
				CLANG_WARN_INFINITE_RECURSION = YES;
				CLANG_WARN_INT_CONVERSION = YES;
				CLANG_WARN_NON_LITERAL_NULL_CONVERSION = YES;
				CLANG_WARN_OBJC_IMPLICIT_RETAIN_SELF = YES;
				CLANG_WARN_OBJC_LITERAL_CONVERSION = YES;
				CLANG_WARN_OBJC_ROOT_CLASS = YES_ERROR;
				CLANG_WARN_QUOTED_INCLUDE_IN_FRAMEWORK_HEADER = YES;
				CLANG_WARN_RANGE_LOOP_ANALYSIS = YES;
				CLANG_WARN_STRICT_PROTOTYPES = YES;
				CLANG_WARN_SUSPICIOUS_MOVE = YES;
				CLANG_WARN_UNGUARDED_AVAILABILITY = YES_AGGRESSIVE;
				CLANG_WARN_UNREACHABLE_CODE = YES;
				CLANG_WARN__DUPLICATE_METHOD_MATCH = YES;
				COPY_PHASE_STRIP = NO;
				DEBUG_INFORMATION_FORMAT = "dwarf-with-dsym";
				ENABLE_NS_ASSERTIONS = NO;
				ENABLE_STRICT_OBJC_MSGSEND = YES;
				GCC_C_LANGUAGE_STANDARD = gnu11;
				GCC_NO_COMMON_BLOCKS = YES;
				GCC_WARN_64_TO_32_BIT_CONVERSION = YES;
				GCC_WARN_ABOUT_RETURN_TYPE = YES_ERROR;
				GCC_WARN_UNDECLARED_SELECTOR = YES;
				GCC_WARN_UNINITIALIZED_AUTOS = YES_AGGRESSIVE;
				GCC_WARN_UNUSED_FUNCTION = YES;
				GCC_WARN_UNUSED_VARIABLE = YES;
				IPHONEOS_DEPLOYMENT_TARGET = 16.4;
				MTL_ENABLE_DEBUG_INFO = NO;
				MTL_FAST_MATH = YES;
				SDKROOT = iphoneos;
				SWIFT_COMPILATION_MODE = wholemodule;
				SWIFT_OPTIMIZATION_LEVEL = "-O";
				VALIDATE_PRODUCT = YES;
			};
			name = Release;
		};
		78D0DCD72A0BB86800E53DF8 /* Debug */ = {
			isa = XCBuildConfiguration;
			baseConfigurationReference = A3E4BF68D2FB8BD2CD9708C6 /* Pods-HW5-1.debug.xcconfig */;
			buildSettings = {
				ASSETCATALOG_COMPILER_APPICON_NAME = AppIcon;
				ASSETCATALOG_COMPILER_GLOBAL_ACCENT_COLOR_NAME = AccentColor;
				CODE_SIGN_STYLE = Automatic;
				CURRENT_PROJECT_VERSION = 1;
				DEVELOPMENT_TEAM = 2X83VDWRY6;
				GENERATE_INFOPLIST_FILE = YES;
				INFOPLIST_FILE = "HW5-1/Resources/Info.plist";
				INFOPLIST_KEY_UIApplicationSupportsIndirectInputEvents = YES;
				INFOPLIST_KEY_UILaunchStoryboardName = LaunchScreen;
				INFOPLIST_KEY_UIMainStoryboardFile = "";
				INFOPLIST_KEY_UISupportedInterfaceOrientations_iPad = "UIInterfaceOrientationPortrait UIInterfaceOrientationPortraitUpsideDown UIInterfaceOrientationLandscapeLeft UIInterfaceOrientationLandscapeRight";
				INFOPLIST_KEY_UISupportedInterfaceOrientations_iPhone = "UIInterfaceOrientationPortrait UIInterfaceOrientationLandscapeLeft UIInterfaceOrientationLandscapeRight";
				LD_RUNPATH_SEARCH_PATHS = (
					"$(inherited)",
					"@executable_path/Frameworks",
				);
				MARKETING_VERSION = 1.0;
				PRODUCT_BUNDLE_IDENTIFIER = "com.zalkarbekarapbaev.HW5-1";
				PRODUCT_NAME = "$(TARGET_NAME)";
				SWIFT_EMIT_LOC_STRINGS = YES;
				SWIFT_VERSION = 5.0;
				TARGETED_DEVICE_FAMILY = "1,2";
			};
			name = Debug;
		};
		78D0DCD82A0BB86800E53DF8 /* Release */ = {
			isa = XCBuildConfiguration;
			baseConfigurationReference = FB0DD8F6D6AE0589594861FE /* Pods-HW5-1.release.xcconfig */;
			buildSettings = {
				ASSETCATALOG_COMPILER_APPICON_NAME = AppIcon;
				ASSETCATALOG_COMPILER_GLOBAL_ACCENT_COLOR_NAME = AccentColor;
				CODE_SIGN_STYLE = Automatic;
				CURRENT_PROJECT_VERSION = 1;
				DEVELOPMENT_TEAM = 2X83VDWRY6;
				GENERATE_INFOPLIST_FILE = YES;
				INFOPLIST_FILE = "HW5-1/Resources/Info.plist";
				INFOPLIST_KEY_UIApplicationSupportsIndirectInputEvents = YES;
				INFOPLIST_KEY_UILaunchStoryboardName = LaunchScreen;
				INFOPLIST_KEY_UIMainStoryboardFile = "";
				INFOPLIST_KEY_UISupportedInterfaceOrientations_iPad = "UIInterfaceOrientationPortrait UIInterfaceOrientationPortraitUpsideDown UIInterfaceOrientationLandscapeLeft UIInterfaceOrientationLandscapeRight";
				INFOPLIST_KEY_UISupportedInterfaceOrientations_iPhone = "UIInterfaceOrientationPortrait UIInterfaceOrientationLandscapeLeft UIInterfaceOrientationLandscapeRight";
				LD_RUNPATH_SEARCH_PATHS = (
					"$(inherited)",
					"@executable_path/Frameworks",
				);
				MARKETING_VERSION = 1.0;
				PRODUCT_BUNDLE_IDENTIFIER = "com.zalkarbekarapbaev.HW5-1";
				PRODUCT_NAME = "$(TARGET_NAME)";
				SWIFT_EMIT_LOC_STRINGS = YES;
				SWIFT_VERSION = 5.0;
				TARGETED_DEVICE_FAMILY = "1,2";
			};
			name = Release;
		};
/* End XCBuildConfiguration section */

/* Begin XCConfigurationList section */
		78D0DCBD2A0BB86600E53DF8 /* Build configuration list for PBXProject "HW5-1" */ = {
			isa = XCConfigurationList;
			buildConfigurations = (
				78D0DCD42A0BB86800E53DF8 /* Debug */,
				78D0DCD52A0BB86800E53DF8 /* Release */,
			);
			defaultConfigurationIsVisible = 0;
			defaultConfigurationName = Release;
		};
		78D0DCD62A0BB86800E53DF8 /* Build configuration list for PBXNativeTarget "HW5-1" */ = {
			isa = XCConfigurationList;
			buildConfigurations = (
				78D0DCD72A0BB86800E53DF8 /* Debug */,
				78D0DCD82A0BB86800E53DF8 /* Release */,
			);
			defaultConfigurationIsVisible = 0;
			defaultConfigurationName = Release;
		};
/* End XCConfigurationList section */
	};
	rootObject = 78D0DCBA2A0BB86600E53DF8 /* Project object */;
}
